
Microsoft Visual Studio Solution File, Format Version 12.00
# Visual Studio Version 17
VisualStudioVersion = 17.0.31410.414
MinimumVisualStudioVersion = 10.0.40219.1
Project("{2150E333-8FDC-42A3-9474-1A3956D46DE8}") = "_Solution Items", "_Solution Items", "{5E837776-450A-4435-A7AE-39D6BC44D09B}"
	ProjectSection(SolutionItems) = preProject
		.editorconfig = .editorconfig
	EndProjectSection
EndProject
Project("{2150E333-8FDC-42A3-9474-1A3956D46DE8}") = "Core", "Core", "{44F58819-8B73-4BB8-8659-0E4754E55274}"
EndProject
Project("{FAE04EC0-301F-11D3-BF4B-00C04F79EFBC}") = "Liz.Core", "Core\Liz.Core\Liz.Core.csproj", "{B8621B57-8078-4D3D-8D1F-0DF7828991C8}"
EndProject
Project("{FAE04EC0-301F-11D3-BF4B-00C04F79EFBC}") = "Liz.Core.Tests", "Core\Liz.Core.Tests\Liz.Core.Tests.csproj", "{7463BD33-CED2-4166-9DFB-30CE8D7D17FD}"
EndProject
Project("{2150E333-8FDC-42A3-9474-1A3956D46DE8}") = "Tool", "Tool", "{4854F7AC-5D3F-4025-BE2F-FD3163D6EE42}"
EndProject
Project("{9A19103F-16F7-4668-BE54-9A1E7A4F7556}") = "Liz.Tool", "Tool\Liz.Tool\Liz.Tool.csproj", "{2DB78516-0810-4CD4-80E9-A532A4856586}"
EndProject
Project("{FAE04EC0-301F-11D3-BF4B-00C04F79EFBC}") = "Liz.Tool.Tests", "Tool\Liz.Tool.Tests\Liz.Tool.Tests.csproj", "{8D8AD946-3247-4A2C-9204-B87C40AED8A1}"
EndProject
Project("{9A19103F-16F7-4668-BE54-9A1E7A4F7556}") = "Liz.Build", "..\build\Liz.Build.csproj", "{2AE13D06-5045-41C2-83D3-3E5BF0337E9C}"
EndProject
Global
	GlobalSection(SolutionConfigurationPlatforms) = preSolution
		Debug|Any CPU = Debug|Any CPU
		Debug|x64 = Debug|x64
		Debug|x86 = Debug|x86
		Release|Any CPU = Release|Any CPU
		Release|x64 = Release|x64
		Release|x86 = Release|x86
	EndGlobalSection
	GlobalSection(ProjectConfigurationPlatforms) = postSolution
		{2AE13D06-5045-41C2-83D3-3E5BF0337E9C}.Debug|Any CPU.ActiveCfg = Debug|Any CPU
		{2AE13D06-5045-41C2-83D3-3E5BF0337E9C}.Release|Any CPU.ActiveCfg = Release|Any CPU
		{2DB78516-0810-4CD4-80E9-A532A4856586}.Debug|Any CPU.ActiveCfg = Debug|Any CPU
		{2DB78516-0810-4CD4-80E9-A532A4856586}.Debug|Any CPU.Build.0 = Debug|Any CPU
		{2DB78516-0810-4CD4-80E9-A532A4856586}.Debug|x64.ActiveCfg = Debug|Any CPU
		{2DB78516-0810-4CD4-80E9-A532A4856586}.Debug|x64.Build.0 = Debug|Any CPU
		{2DB78516-0810-4CD4-80E9-A532A4856586}.Debug|x86.ActiveCfg = Debug|Any CPU
		{2DB78516-0810-4CD4-80E9-A532A4856586}.Debug|x86.Build.0 = Debug|Any CPU
		{2DB78516-0810-4CD4-80E9-A532A4856586}.Release|Any CPU.ActiveCfg = Release|Any CPU
		{2DB78516-0810-4CD4-80E9-A532A4856586}.Release|Any CPU.Build.0 = Release|Any CPU
		{2DB78516-0810-4CD4-80E9-A532A4856586}.Release|x64.ActiveCfg = Release|Any CPU
		{2DB78516-0810-4CD4-80E9-A532A4856586}.Release|x64.Build.0 = Release|Any CPU
		{2DB78516-0810-4CD4-80E9-A532A4856586}.Release|x86.ActiveCfg = Release|Any CPU
		{2DB78516-0810-4CD4-80E9-A532A4856586}.Release|x86.Build.0 = Release|Any CPU
		{8D8AD946-3247-4A2C-9204-B87C40AED8A1}.Debug|Any CPU.ActiveCfg = Debug|Any CPU
		{8D8AD946-3247-4A2C-9204-B87C40AED8A1}.Debug|Any CPU.Build.0 = Debug|Any CPU
		{8D8AD946-3247-4A2C-9204-B87C40AED8A1}.Debug|x64.ActiveCfg = Debug|Any CPU
		{8D8AD946-3247-4A2C-9204-B87C40AED8A1}.Debug|x64.Build.0 = Debug|Any CPU
		{8D8AD946-3247-4A2C-9204-B87C40AED8A1}.Debug|x86.ActiveCfg = Debug|Any CPU
		{8D8AD946-3247-4A2C-9204-B87C40AED8A1}.Debug|x86.Build.0 = Debug|Any CPU
		{8D8AD946-3247-4A2C-9204-B87C40AED8A1}.Release|Any CPU.ActiveCfg = Release|Any CPU
		{8D8AD946-3247-4A2C-9204-B87C40AED8A1}.Release|Any CPU.Build.0 = Release|Any CPU
		{8D8AD946-3247-4A2C-9204-B87C40AED8A1}.Release|x64.ActiveCfg = Release|Any CPU
		{8D8AD946-3247-4A2C-9204-B87C40AED8A1}.Release|x64.Build.0 = Release|Any CPU
		{8D8AD946-3247-4A2C-9204-B87C40AED8A1}.Release|x86.ActiveCfg = Release|Any CPU
		{8D8AD946-3247-4A2C-9204-B87C40AED8A1}.Release|x86.Build.0 = Release|Any CPU
		{B8621B57-8078-4D3D-8D1F-0DF7828991C8}.Debug|Any CPU.ActiveCfg = Debug|Any CPU
		{B8621B57-8078-4D3D-8D1F-0DF7828991C8}.Debug|Any CPU.Build.0 = Debug|Any CPU
		{B8621B57-8078-4D3D-8D1F-0DF7828991C8}.Debug|x64.ActiveCfg = Debug|Any CPU
		{B8621B57-8078-4D3D-8D1F-0DF7828991C8}.Debug|x64.Build.0 = Debug|Any CPU
		{B8621B57-8078-4D3D-8D1F-0DF7828991C8}.Debug|x86.ActiveCfg = Debug|Any CPU
		{B8621B57-8078-4D3D-8D1F-0DF7828991C8}.Debug|x86.Build.0 = Debug|Any CPU
		{B8621B57-8078-4D3D-8D1F-0DF7828991C8}.Release|Any CPU.ActiveCfg = Release|Any CPU
		{B8621B57-8078-4D3D-8D1F-0DF7828991C8}.Release|Any CPU.Build.0 = Release|Any CPU
		{B8621B57-8078-4D3D-8D1F-0DF7828991C8}.Release|x64.ActiveCfg = Release|Any CPU
		{B8621B57-8078-4D3D-8D1F-0DF7828991C8}.Release|x64.Build.0 = Release|Any CPU
		{B8621B57-8078-4D3D-8D1F-0DF7828991C8}.Release|x86.ActiveCfg = Release|Any CPU
		{B8621B57-8078-4D3D-8D1F-0DF7828991C8}.Release|x86.Build.0 = Release|Any CPU
		{7463BD33-CED2-4166-9DFB-30CE8D7D17FD}.Debug|Any CPU.ActiveCfg = Debug|Any CPU
		{7463BD33-CED2-4166-9DFB-30CE8D7D17FD}.Debug|Any CPU.Build.0 = Debug|Any CPU
		{7463BD33-CED2-4166-9DFB-30CE8D7D17FD}.Debug|x64.ActiveCfg = Debug|Any CPU
		{7463BD33-CED2-4166-9DFB-30CE8D7D17FD}.Debug|x64.Build.0 = Debug|Any CPU
		{7463BD33-CED2-4166-9DFB-30CE8D7D17FD}.Debug|x86.ActiveCfg = Debug|Any CPU
		{7463BD33-CED2-4166-9DFB-30CE8D7D17FD}.Debug|x86.Build.0 = Debug|Any CPU
		{7463BD33-CED2-4166-9DFB-30CE8D7D17FD}.Release|Any CPU.ActiveCfg = Release|Any CPU
		{7463BD33-CED2-4166-9DFB-30CE8D7D17FD}.Release|Any CPU.Build.0 = Release|Any CPU
		{7463BD33-CED2-4166-9DFB-30CE8D7D17FD}.Release|x64.ActiveCfg = Release|Any CPU
		{7463BD33-CED2-4166-9DFB-30CE8D7D17FD}.Release|x64.Build.0 = Release|Any CPU
		{7463BD33-CED2-4166-9DFB-30CE8D7D17FD}.Release|x86.ActiveCfg = Release|Any CPU
		{7463BD33-CED2-4166-9DFB-30CE8D7D17FD}.Release|x86.Build.0 = Release|Any CPU
	EndGlobalSection
	GlobalSection(SolutionProperties) = preSolution
		HideSolutionNode = FALSE
	EndGlobalSection
	GlobalSection(ExtensibilityGlobals) = postSolution
		SolutionGuid = {D76B044A-2F1A-465F-8F7F-D0E2E9AD35B4}
	EndGlobalSection
	GlobalSection(NestedProjects) = preSolution
		{B8621B57-8078-4D3D-8D1F-0DF7828991C8} = {44F58819-8B73-4BB8-8659-0E4754E55274}
		{7463BD33-CED2-4166-9DFB-30CE8D7D17FD} = {44F58819-8B73-4BB8-8659-0E4754E55274}
		{2DB78516-0810-4CD4-80E9-A532A4856586} = {4854F7AC-5D3F-4025-BE2F-FD3163D6EE42}
		{8D8AD946-3247-4A2C-9204-B87C40AED8A1} = {4854F7AC-5D3F-4025-BE2F-FD3163D6EE42}
	EndGlobalSection
EndGlobal
