
Microsoft Visual Studio Solution File, Format Version 12.00
# Visual Studio Version 17
VisualStudioVersion = 17.0.31410.414
MinimumVisualStudioVersion = 10.0.40219.1
Project("{2150E333-8FDC-42A3-9474-1A3956D46DE8}") = "_Solution Items", "_Solution Items", "{5E837776-450A-4435-A7AE-39D6BC44D09B}"
	ProjectSection(SolutionItems) = preProject
		Directory.Build.props = Directory.Build.props
		..\.editorconfig = ..\.editorconfig
	EndProjectSection
EndProject
Project("{2150E333-8FDC-42A3-9474-1A3956D46DE8}") = "Core", "Core", "{44F58819-8B73-4BB8-8659-0E4754E55274}"
EndProject
Project("{FAE04EC0-301F-11D3-BF4B-00C04F79EFBC}") = "Liz.Core", "Core\Liz.Core\Liz.Core.csproj", "{B8621B57-8078-4D3D-8D1F-0DF7828991C8}"
EndProject
Project("{FAE04EC0-301F-11D3-BF4B-00C04F79EFBC}") = "Liz.Core.Tests", "Core\Liz.Core.Tests\Liz.Core.Tests.csproj", "{7463BD33-CED2-4166-9DFB-30CE8D7D17FD}"
EndProject
Project("{2150E333-8FDC-42A3-9474-1A3956D46DE8}") = "Tool", "Tool", "{4854F7AC-5D3F-4025-BE2F-FD3163D6EE42}"
EndProject
Project("{9A19103F-16F7-4668-BE54-9A1E7A4F7556}") = "Liz.Tool", "Tool\Liz.Tool\Liz.Tool.csproj", "{2DB78516-0810-4CD4-80E9-A532A4856586}"
EndProject
Project("{FAE04EC0-301F-11D3-BF4B-00C04F79EFBC}") = "Liz.Tool.Tests", "Tool\Liz.Tool.Tests\Liz.Tool.Tests.csproj", "{8D8AD946-3247-4A2C-9204-B87C40AED8A1}"
EndProject
Project("{9A19103F-16F7-4668-BE54-9A1E7A4F7556}") = "Liz.Build", "..\build\Liz.Build.csproj", "{2AE13D06-5045-41C2-83D3-3E5BF0337E9C}"
EndProject
Project("{2150E333-8FDC-42A3-9474-1A3956D46DE8}") = "Cake", "Cake", "{6F31F9C5-F627-437F-A59F-01C8E2738578}"
EndProject
Project("{FAE04EC0-301F-11D3-BF4B-00C04F79EFBC}") = "Liz.Cake", "Cake\Liz.Cake\Liz.Cake.csproj", "{D94CD096-4354-4275-8C7F-876BA35B76EA}"
EndProject
Project("{FAE04EC0-301F-11D3-BF4B-00C04F79EFBC}") = "Liz.Cake.Tests", "Cake\Liz.Cake.Tests\Liz.Cake.Tests.csproj", "{658A4D1F-4870-41B7-B8BB-A7CE07283312}"
EndProject
Project("{2150E333-8FDC-42A3-9474-1A3956D46DE8}") = "Nuke", "Nuke", "{331B06AF-A93F-4AA7-A277-4CB5A2204B1E}"
EndProject
Project("{FAE04EC0-301F-11D3-BF4B-00C04F79EFBC}") = "Liz.Nuke", "Nuke\Liz.Nuke\Liz.Nuke.csproj", "{A190D67B-B193-4BCF-89AF-E807D8D56802}"
EndProject
Project("{FAE04EC0-301F-11D3-BF4B-00C04F79EFBC}") = "Liz.Nuke.Tests", "Nuke\Liz.Nuke.Tests\Liz.Nuke.Tests.csproj", "{220EC0C7-2599-4EC9-9439-EA90D62954D5}"
EndProject
Project("{FAE04EC0-301F-11D3-BF4B-00C04F79EFBC}") = "Liz.Core.IntegrationTests", "Core\Liz.Core.IntegrationTests\Liz.Core.IntegrationTests.csproj", "{DF7580DD-D009-4ACE-90D6-53D650AE3DE9}"
EndProject
Global
	GlobalSection(SolutionConfigurationPlatforms) = preSolution
		Debug|Any CPU = Debug|Any CPU
		Debug|x64 = Debug|x64
		Debug|x86 = Debug|x86
		Release|Any CPU = Release|Any CPU
		Release|x64 = Release|x64
		Release|x86 = Release|x86
	EndGlobalSection
	GlobalSection(ProjectConfigurationPlatforms) = postSolution
		{2AE13D06-5045-41C2-83D3-3E5BF0337E9C}.Debug|Any CPU.ActiveCfg = Debug|Any CPU
		{2AE13D06-5045-41C2-83D3-3E5BF0337E9C}.Release|Any CPU.ActiveCfg = Release|Any CPU
		{2DB78516-0810-4CD4-80E9-A532A4856586}.Debug|Any CPU.ActiveCfg = Debug|Any CPU
		{2DB78516-0810-4CD4-80E9-A532A4856586}.Debug|Any CPU.Build.0 = Debug|Any CPU
		{2DB78516-0810-4CD4-80E9-A532A4856586}.Debug|x64.ActiveCfg = Debug|Any CPU
		{2DB78516-0810-4CD4-80E9-A532A4856586}.Debug|x64.Build.0 = Debug|Any CPU
		{2DB78516-0810-4CD4-80E9-A532A4856586}.Debug|x86.ActiveCfg = Debug|Any CPU
		{2DB78516-0810-4CD4-80E9-A532A4856586}.Debug|x86.Build.0 = Debug|Any CPU
		{2DB78516-0810-4CD4-80E9-A532A4856586}.Release|Any CPU.ActiveCfg = Release|Any CPU
		{2DB78516-0810-4CD4-80E9-A532A4856586}.Release|Any CPU.Build.0 = Release|Any CPU
		{2DB78516-0810-4CD4-80E9-A532A4856586}.Release|x64.ActiveCfg = Release|Any CPU
		{2DB78516-0810-4CD4-80E9-A532A4856586}.Release|x64.Build.0 = Release|Any CPU
		{2DB78516-0810-4CD4-80E9-A532A4856586}.Release|x86.ActiveCfg = Release|Any CPU
		{2DB78516-0810-4CD4-80E9-A532A4856586}.Release|x86.Build.0 = Release|Any CPU
		{8D8AD946-3247-4A2C-9204-B87C40AED8A1}.Debug|Any CPU.ActiveCfg = Debug|Any CPU
		{8D8AD946-3247-4A2C-9204-B87C40AED8A1}.Debug|Any CPU.Build.0 = Debug|Any CPU
		{8D8AD946-3247-4A2C-9204-B87C40AED8A1}.Debug|x64.ActiveCfg = Debug|Any CPU
		{8D8AD946-3247-4A2C-9204-B87C40AED8A1}.Debug|x64.Build.0 = Debug|Any CPU
		{8D8AD946-3247-4A2C-9204-B87C40AED8A1}.Debug|x86.ActiveCfg = Debug|Any CPU
		{8D8AD946-3247-4A2C-9204-B87C40AED8A1}.Debug|x86.Build.0 = Debug|Any CPU
		{8D8AD946-3247-4A2C-9204-B87C40AED8A1}.Release|Any CPU.ActiveCfg = Release|Any CPU
		{8D8AD946-3247-4A2C-9204-B87C40AED8A1}.Release|Any CPU.Build.0 = Release|Any CPU
		{8D8AD946-3247-4A2C-9204-B87C40AED8A1}.Release|x64.ActiveCfg = Release|Any CPU
		{8D8AD946-3247-4A2C-9204-B87C40AED8A1}.Release|x64.Build.0 = Release|Any CPU
		{8D8AD946-3247-4A2C-9204-B87C40AED8A1}.Release|x86.ActiveCfg = Release|Any CPU
		{8D8AD946-3247-4A2C-9204-B87C40AED8A1}.Release|x86.Build.0 = Release|Any CPU
		{B8621B57-8078-4D3D-8D1F-0DF7828991C8}.Debug|Any CPU.ActiveCfg = Debug|Any CPU
		{B8621B57-8078-4D3D-8D1F-0DF7828991C8}.Debug|Any CPU.Build.0 = Debug|Any CPU
		{B8621B57-8078-4D3D-8D1F-0DF7828991C8}.Debug|x64.ActiveCfg = Debug|Any CPU
		{B8621B57-8078-4D3D-8D1F-0DF7828991C8}.Debug|x64.Build.0 = Debug|Any CPU
		{B8621B57-8078-4D3D-8D1F-0DF7828991C8}.Debug|x86.ActiveCfg = Debug|Any CPU
		{B8621B57-8078-4D3D-8D1F-0DF7828991C8}.Debug|x86.Build.0 = Debug|Any CPU
		{B8621B57-8078-4D3D-8D1F-0DF7828991C8}.Release|Any CPU.ActiveCfg = Release|Any CPU
		{B8621B57-8078-4D3D-8D1F-0DF7828991C8}.Release|Any CPU.Build.0 = Release|Any CPU
		{B8621B57-8078-4D3D-8D1F-0DF7828991C8}.Release|x64.ActiveCfg = Release|Any CPU
		{B8621B57-8078-4D3D-8D1F-0DF7828991C8}.Release|x64.Build.0 = Release|Any CPU
		{B8621B57-8078-4D3D-8D1F-0DF7828991C8}.Release|x86.ActiveCfg = Release|Any CPU
		{B8621B57-8078-4D3D-8D1F-0DF7828991C8}.Release|x86.Build.0 = Release|Any CPU
		{7463BD33-CED2-4166-9DFB-30CE8D7D17FD}.Debug|Any CPU.ActiveCfg = Debug|Any CPU
		{7463BD33-CED2-4166-9DFB-30CE8D7D17FD}.Debug|Any CPU.Build.0 = Debug|Any CPU
		{7463BD33-CED2-4166-9DFB-30CE8D7D17FD}.Debug|x64.ActiveCfg = Debug|Any CPU
		{7463BD33-CED2-4166-9DFB-30CE8D7D17FD}.Debug|x64.Build.0 = Debug|Any CPU
		{7463BD33-CED2-4166-9DFB-30CE8D7D17FD}.Debug|x86.ActiveCfg = Debug|Any CPU
		{7463BD33-CED2-4166-9DFB-30CE8D7D17FD}.Debug|x86.Build.0 = Debug|Any CPU
		{7463BD33-CED2-4166-9DFB-30CE8D7D17FD}.Release|Any CPU.ActiveCfg = Release|Any CPU
		{7463BD33-CED2-4166-9DFB-30CE8D7D17FD}.Release|Any CPU.Build.0 = Release|Any CPU
		{7463BD33-CED2-4166-9DFB-30CE8D7D17FD}.Release|x64.ActiveCfg = Release|Any CPU
		{7463BD33-CED2-4166-9DFB-30CE8D7D17FD}.Release|x64.Build.0 = Release|Any CPU
		{7463BD33-CED2-4166-9DFB-30CE8D7D17FD}.Release|x86.ActiveCfg = Release|Any CPU
		{7463BD33-CED2-4166-9DFB-30CE8D7D17FD}.Release|x86.Build.0 = Release|Any CPU
		{D94CD096-4354-4275-8C7F-876BA35B76EA}.Debug|Any CPU.ActiveCfg = Debug|Any CPU
		{D94CD096-4354-4275-8C7F-876BA35B76EA}.Debug|Any CPU.Build.0 = Debug|Any CPU
		{D94CD096-4354-4275-8C7F-876BA35B76EA}.Debug|x64.ActiveCfg = Debug|Any CPU
		{D94CD096-4354-4275-8C7F-876BA35B76EA}.Debug|x64.Build.0 = Debug|Any CPU
		{D94CD096-4354-4275-8C7F-876BA35B76EA}.Debug|x86.ActiveCfg = Debug|Any CPU
		{D94CD096-4354-4275-8C7F-876BA35B76EA}.Debug|x86.Build.0 = Debug|Any CPU
		{D94CD096-4354-4275-8C7F-876BA35B76EA}.Release|Any CPU.ActiveCfg = Release|Any CPU
		{D94CD096-4354-4275-8C7F-876BA35B76EA}.Release|Any CPU.Build.0 = Release|Any CPU
		{D94CD096-4354-4275-8C7F-876BA35B76EA}.Release|x64.ActiveCfg = Release|Any CPU
		{D94CD096-4354-4275-8C7F-876BA35B76EA}.Release|x64.Build.0 = Release|Any CPU
		{D94CD096-4354-4275-8C7F-876BA35B76EA}.Release|x86.ActiveCfg = Release|Any CPU
		{D94CD096-4354-4275-8C7F-876BA35B76EA}.Release|x86.Build.0 = Release|Any CPU
		{658A4D1F-4870-41B7-B8BB-A7CE07283312}.Debug|Any CPU.ActiveCfg = Debug|Any CPU
		{658A4D1F-4870-41B7-B8BB-A7CE07283312}.Debug|Any CPU.Build.0 = Debug|Any CPU
		{658A4D1F-4870-41B7-B8BB-A7CE07283312}.Debug|x64.ActiveCfg = Debug|Any CPU
		{658A4D1F-4870-41B7-B8BB-A7CE07283312}.Debug|x64.Build.0 = Debug|Any CPU
		{658A4D1F-4870-41B7-B8BB-A7CE07283312}.Debug|x86.ActiveCfg = Debug|Any CPU
		{658A4D1F-4870-41B7-B8BB-A7CE07283312}.Debug|x86.Build.0 = Debug|Any CPU
		{658A4D1F-4870-41B7-B8BB-A7CE07283312}.Release|Any CPU.ActiveCfg = Release|Any CPU
		{658A4D1F-4870-41B7-B8BB-A7CE07283312}.Release|Any CPU.Build.0 = Release|Any CPU
		{658A4D1F-4870-41B7-B8BB-A7CE07283312}.Release|x64.ActiveCfg = Release|Any CPU
		{658A4D1F-4870-41B7-B8BB-A7CE07283312}.Release|x64.Build.0 = Release|Any CPU
		{658A4D1F-4870-41B7-B8BB-A7CE07283312}.Release|x86.ActiveCfg = Release|Any CPU
		{658A4D1F-4870-41B7-B8BB-A7CE07283312}.Release|x86.Build.0 = Release|Any CPU
		{A190D67B-B193-4BCF-89AF-E807D8D56802}.Debug|Any CPU.ActiveCfg = Debug|Any CPU
		{A190D67B-B193-4BCF-89AF-E807D8D56802}.Debug|Any CPU.Build.0 = Debug|Any CPU
		{A190D67B-B193-4BCF-89AF-E807D8D56802}.Debug|x64.ActiveCfg = Debug|Any CPU
		{A190D67B-B193-4BCF-89AF-E807D8D56802}.Debug|x64.Build.0 = Debug|Any CPU
		{A190D67B-B193-4BCF-89AF-E807D8D56802}.Debug|x86.ActiveCfg = Debug|Any CPU
		{A190D67B-B193-4BCF-89AF-E807D8D56802}.Debug|x86.Build.0 = Debug|Any CPU
		{A190D67B-B193-4BCF-89AF-E807D8D56802}.Release|Any CPU.ActiveCfg = Release|Any CPU
		{A190D67B-B193-4BCF-89AF-E807D8D56802}.Release|Any CPU.Build.0 = Release|Any CPU
		{A190D67B-B193-4BCF-89AF-E807D8D56802}.Release|x64.ActiveCfg = Release|Any CPU
		{A190D67B-B193-4BCF-89AF-E807D8D56802}.Release|x64.Build.0 = Release|Any CPU
		{A190D67B-B193-4BCF-89AF-E807D8D56802}.Release|x86.ActiveCfg = Release|Any CPU
		{A190D67B-B193-4BCF-89AF-E807D8D56802}.Release|x86.Build.0 = Release|Any CPU
		{220EC0C7-2599-4EC9-9439-EA90D62954D5}.Debug|Any CPU.ActiveCfg = Debug|Any CPU
		{220EC0C7-2599-4EC9-9439-EA90D62954D5}.Debug|Any CPU.Build.0 = Debug|Any CPU
		{220EC0C7-2599-4EC9-9439-EA90D62954D5}.Debug|x64.ActiveCfg = Debug|Any CPU
		{220EC0C7-2599-4EC9-9439-EA90D62954D5}.Debug|x64.Build.0 = Debug|Any CPU
		{220EC0C7-2599-4EC9-9439-EA90D62954D5}.Debug|x86.ActiveCfg = Debug|Any CPU
		{220EC0C7-2599-4EC9-9439-EA90D62954D5}.Debug|x86.Build.0 = Debug|Any CPU
		{220EC0C7-2599-4EC9-9439-EA90D62954D5}.Release|Any CPU.ActiveCfg = Release|Any CPU
		{220EC0C7-2599-4EC9-9439-EA90D62954D5}.Release|Any CPU.Build.0 = Release|Any CPU
		{220EC0C7-2599-4EC9-9439-EA90D62954D5}.Release|x64.ActiveCfg = Release|Any CPU
		{220EC0C7-2599-4EC9-9439-EA90D62954D5}.Release|x64.Build.0 = Release|Any CPU
		{220EC0C7-2599-4EC9-9439-EA90D62954D5}.Release|x86.ActiveCfg = Release|Any CPU
		{220EC0C7-2599-4EC9-9439-EA90D62954D5}.Release|x86.Build.0 = Release|Any CPU
		{DF7580DD-D009-4ACE-90D6-53D650AE3DE9}.Debug|Any CPU.ActiveCfg = Debug|Any CPU
		{DF7580DD-D009-4ACE-90D6-53D650AE3DE9}.Debug|Any CPU.Build.0 = Debug|Any CPU
		{DF7580DD-D009-4ACE-90D6-53D650AE3DE9}.Debug|x64.ActiveCfg = Debug|Any CPU
		{DF7580DD-D009-4ACE-90D6-53D650AE3DE9}.Debug|x64.Build.0 = Debug|Any CPU
		{DF7580DD-D009-4ACE-90D6-53D650AE3DE9}.Debug|x86.ActiveCfg = Debug|Any CPU
		{DF7580DD-D009-4ACE-90D6-53D650AE3DE9}.Debug|x86.Build.0 = Debug|Any CPU
		{DF7580DD-D009-4ACE-90D6-53D650AE3DE9}.Release|Any CPU.ActiveCfg = Release|Any CPU
		{DF7580DD-D009-4ACE-90D6-53D650AE3DE9}.Release|Any CPU.Build.0 = Release|Any CPU
		{DF7580DD-D009-4ACE-90D6-53D650AE3DE9}.Release|x64.ActiveCfg = Release|Any CPU
		{DF7580DD-D009-4ACE-90D6-53D650AE3DE9}.Release|x64.Build.0 = Release|Any CPU
		{DF7580DD-D009-4ACE-90D6-53D650AE3DE9}.Release|x86.ActiveCfg = Release|Any CPU
		{DF7580DD-D009-4ACE-90D6-53D650AE3DE9}.Release|x86.Build.0 = Release|Any CPU
	EndGlobalSection
	GlobalSection(SolutionProperties) = preSolution
		HideSolutionNode = FALSE
	EndGlobalSection
	GlobalSection(ExtensibilityGlobals) = postSolution
		SolutionGuid = {D76B044A-2F1A-465F-8F7F-D0E2E9AD35B4}
	EndGlobalSection
	GlobalSection(NestedProjects) = preSolution
		{B8621B57-8078-4D3D-8D1F-0DF7828991C8} = {44F58819-8B73-4BB8-8659-0E4754E55274}
		{7463BD33-CED2-4166-9DFB-30CE8D7D17FD} = {44F58819-8B73-4BB8-8659-0E4754E55274}
		{2DB78516-0810-4CD4-80E9-A532A4856586} = {4854F7AC-5D3F-4025-BE2F-FD3163D6EE42}
		{8D8AD946-3247-4A2C-9204-B87C40AED8A1} = {4854F7AC-5D3F-4025-BE2F-FD3163D6EE42}
		{D94CD096-4354-4275-8C7F-876BA35B76EA} = {6F31F9C5-F627-437F-A59F-01C8E2738578}
		{658A4D1F-4870-41B7-B8BB-A7CE07283312} = {6F31F9C5-F627-437F-A59F-01C8E2738578}
		{A190D67B-B193-4BCF-89AF-E807D8D56802} = {331B06AF-A93F-4AA7-A277-4CB5A2204B1E}
		{220EC0C7-2599-4EC9-9439-EA90D62954D5} = {331B06AF-A93F-4AA7-A277-4CB5A2204B1E}
		{DF7580DD-D009-4ACE-90D6-53D650AE3DE9} = {44F58819-8B73-4BB8-8659-0E4754E55274}
	EndGlobalSection
EndGlobal
